{
  "name": "@tanazd2/termux-utils",
  "version": "18.0.0",
  "lockfileVersion": 3,
  "requires": true,
  "packages": {
    "": {
      "name": "@tanazd2/termux-utils",
      "version": "18.0.0",
      "license": "MIT",
      "dependencies": {
        "@tanazd2/termux-utils": "^18.0.0"
      },
      "bin": {
        "termux-utils": "index.js",
        "tu": "index.js"
      }
    },
    "node_modules/@tanazd2/termux-utils": {
      "version": "18.0.0",
      "resolved": "https://npm.pkg.github.com/download/@tanazd2/termux-utils/18.0.0/36066622d24466136253e7f414fb543de7eb6549",
      "integrity": "sha512-2WhTxIRFwSK9qwXM24RESnd0/TigzBOi37uVIyrSJJgrZzBk3iP8C/47hLataY3VhC64KZWwv2e/VKM/eIoggw==",
      "license": "MIT",
      "bin": {
        "termux-utils": "index.js",
        "tu": "index.js"
      }
    }
  }
}
